<?xml version="1.0" encoding="utf-8"?>
<Project ToolsVersion="4.0" xmlns="http://schemas.microsoft.com/developer/msbuild/2003">
  <ItemGroup>
    <Filter Include="Source Files">
      <UniqueIdentifier>{4FC737F1-C7A5-4376-A066-2A32D752A2FF}</UniqueIdentifier>
      <Extensions>cpp;c;cc;cxx;def;odl;idl;hpj;bat;asm;asmx</Extensions>
    </Filter>
    <Filter Include="Header Files">
      <UniqueIdentifier>{93995380-89BD-4b04-88EB-625FBE52EBFB}</UniqueIdentifier>
      <Extensions>h;hpp;hxx;hm;inl;inc;xsd</Extensions>
    </Filter>
    <Filter Include="Resource Files">
      <UniqueIdentifier>{67DA6AB6-F800-4c08-8B7A-83BB121AAD01}</UniqueIdentifier>
      <Extensions>rc;ico;cur;bmp;dlg;rc2;rct;bin;rgs;gif;jpg;jpeg;jpe;resx;tiff;tif;png;wav;mfcribbon-ms</Extensions>
    </Filter>
    <Filter Include="Header Files\trash">
      <UniqueIdentifier>{ad806abe-1025-4d31-9055-cb3b75c9ba05}</UniqueIdentifier>
    </Filter>
  </ItemGroup>
  <ItemGroup>
    <Text Include="ReadMe.txt" />
  </ItemGroup>
  <ItemGroup>
    <ClInclude Include="Employee.h">
      <Filter>Header Files</Filter>
    </ClInclude>
    <ClInclude Include="IEmployeeRepository.h">
      <Filter>Header Files</Filter>
    </ClInclude>
    <ClInclude Include="IEmployeeRepositoryGOODs.h">
      <Filter>Header Files</Filter>
    </ClInclude>
    <ClInclude Include="EntryPoint.h">
      <Filter>Header Files</Filter>
    </ClInclude>
    <ClInclude Include="IEmployeeRepositoryFakeMemory.h">
      <Filter>Header Files</Filter>
    </ClInclude>
    <ClInclude Include="annotations.h">
      <Filter>Header Files</Filter>
    </ClInclude>
    <ClInclude Include="Application.h">
      <Filter>Header Files</Filter>
    </ClInclude>
    <ClInclude Include="commons.h">
      <Filter>Header Files</Filter>
    </ClInclude>
    <ClInclude Include="EmployeeADDForm.h">
      <Filter>Header Files</Filter>
    </ClInclude>
    <ClInclude Include="EmployeeController.h">
      <Filter>Header Files</Filter>
    </ClInclude>
    <ClInclude Include="IEmployeeADDForm.h">
      <Filter>Header Files</Filter>
    </ClInclude>
    <ClInclude Include="IEmployeeController.h">
      <Filter>Header Files</Filter>
    </ClInclude>
    <ClInclude Include="IMainForm.h">
      <Filter>Header Files</Filter>
    </ClInclude>
    <ClInclude Include="Injector.h">
      <Filter>Header Files</Filter>
    </ClInclude>
    <ClInclude Include="MainFrame.h">
      <Filter>Header Files</Filter>
    </ClInclude>
    <ClInclude Include="Source.h">
      <Filter>Header Files</Filter>
    </ClInclude>
    <ClInclude Include="my_root.h">
      <Filter>Header Files</Filter>
    </ClInclude>
  </ItemGroup>
  <ItemGroup>
    <ClCompile Include="Employee.cpp">
      <Filter>Source Files</Filter>
    </ClCompile>
    <ClCompile Include="IEmployeeRepository.cpp">
      <Filter>Source Files</Filter>
    </ClCompile>
    <ClCompile Include="IEmployeeRepositoryGOODs.cpp">
      <Filter>Source Files</Filter>
    </ClCompile>
    <ClCompile Include="EntryPoint.cpp">
      <Filter>Source Files</Filter>
    </ClCompile>
    <ClCompile Include="IEmployeeRepositoryFakeMemory.cpp">
      <Filter>Source Files</Filter>
    </ClCompile>
    <ClCompile Include="Application.cpp">
      <Filter>Source Files</Filter>
    </ClCompile>
    <ClCompile Include="EmployeeADDForm.cpp">
      <Filter>Source Files</Filter>
    </ClCompile>
    <ClCompile Include="EmployeeController.cpp">
      <Filter>Source Files</Filter>
    </ClCompile>
    <ClCompile Include="IEmployeeADD.cpp">
      <Filter>Source Files</Filter>
    </ClCompile>
    <ClCompile Include="IEmployeeController.cpp">
      <Filter>Source Files</Filter>
    </ClCompile>
    <ClCompile Include="IMainForm.cpp">
      <Filter>Source Files</Filter>
    </ClCompile>
    <ClCompile Include="Injector.cpp">
      <Filter>Source Files</Filter>
    </ClCompile>
    <ClCompile Include="MainFrame.cpp">
      <Filter>Source Files</Filter>
    </ClCompile>
    <ClCompile Include="my_root.cpp">
      <Filter>Source Files</Filter>
    </ClCompile>
  </ItemGroup>
  <ItemGroup>
    <ResourceCompile Include="MFCApplication4.rc">
      <Filter>Resource Files</Filter>
    </ResourceCompile>
  </ItemGroup>
</Project>